// !$*UTF8*$!
{
	archiveVersion = 1;
	classes = {
	};
	objectVersion = 46;
	objects = {

/* Begin PBXBuildFile section */
		1FF2F5698DDB7554D6D52352 /* Pods_bw.framework in Frameworks */ = {isa = PBXBuildFile; fileRef = 7A70B4FB182429B97C62EED3 /* Pods_bw.framework */; };
		251729C21EBC6C6700A34335 /* Menu.strings in Resources */ = {isa = PBXBuildFile; fileRef = 251729C41EBC6C6700A34335 /* Menu.strings */; };
		251729C81EBC6E6000A34335 /* Localized.swift in Sources */ = {isa = PBXBuildFile; fileRef = 251729C71EBC6E6000A34335 /* Localized.swift */; };
		254B61611E8FB12C00E28C97 /* AppDelegate.swift in Sources */ = {isa = PBXBuildFile; fileRef = 254B61601E8FB12C00E28C97 /* AppDelegate.swift */; };
		254B61651E8FB12C00E28C97 /* Assets.xcassets in Resources */ = {isa = PBXBuildFile; fileRef = 254B61641E8FB12C00E28C97 /* Assets.xcassets */; };
		257A634F1EBC66BB00A8D97A /* Cache.swift in Sources */ = {isa = PBXBuildFile; fileRef = 257A634E1EBC66BB00A8D97A /* Cache.swift */; };
		257A63511EBC66CC00A8D97A /* Image.swift in Sources */ = {isa = PBXBuildFile; fileRef = 257A63501EBC66CC00A8D97A /* Image.swift */; };
		257A63571EBC66FF00A8D97A /* Bing.swift in Sources */ = {isa = PBXBuildFile; fileRef = 257A63521EBC66FF00A8D97A /* Bing.swift */; };
		257A63581EBC66FF00A8D97A /* Refresh.swift in Sources */ = {isa = PBXBuildFile; fileRef = 257A63531EBC66FF00A8D97A /* Refresh.swift */; };
		257A63591EBC66FF00A8D97A /* Sqlite.swift in Sources */ = {isa = PBXBuildFile; fileRef = 257A63541EBC66FF00A8D97A /* Sqlite.swift */; };
		257A635A1EBC66FF00A8D97A /* System.swift in Sources */ = {isa = PBXBuildFile; fileRef = 257A63551EBC66FF00A8D97A /* System.swift */; };
		257A635B1EBC66FF00A8D97A /* Wallpaper.swift in Sources */ = {isa = PBXBuildFile; fileRef = 257A63561EBC66FF00A8D97A /* Wallpaper.swift */; };
		257A63611EBC672C00A8D97A /* StatusBarMenu.swift in Sources */ = {isa = PBXBuildFile; fileRef = 257A635E1EBC672C00A8D97A /* StatusBarMenu.swift */; };
		257A63631EBC673800A8D97A /* main.swift in Sources */ = {isa = PBXBuildFile; fileRef = 257A63621EBC673800A8D97A /* main.swift */; };
		25EF61761E9E2B820019E838 /* InfoPlist.strings in Resources */ = {isa = PBXBuildFile; fileRef = 25EF61781E9E2B820019E838 /* InfoPlist.strings */; };
		25F455321E9CD3B500820D7C /* Consts.swift in Sources */ = {isa = PBXBuildFile; fileRef = 25F455311E9CD3B500820D7C /* Consts.swift */; };
		25F4553B1E9E02C000820D7C /* Enums.swift in Sources */ = {isa = PBXBuildFile; fileRef = 25F4553A1E9E02C000820D7C /* Enums.swift */; };
		C7BEFAE525FF2DEA00238166 /* WallpaperDetail.swift in Sources */ = {isa = PBXBuildFile; fileRef = C7BEFAE425FF2DEA00238166 /* WallpaperDetail.swift */; };
		F500AEEB26C3957500A26557 /* AutoLauncher.swift in Sources */ = {isa = PBXBuildFile; fileRef = F500AEEA26C3957500A26557 /* AutoLauncher.swift */; };
		F50FD85826C67D8000AC20B1 /* main.swift in Sources */ = {isa = PBXBuildFile; fileRef = F50FD85726C67D8000AC20B1 /* main.swift */; };
		F50FD85A26C67E0200AC20B1 /* bwHelper.app in Copy Files */ = {isa = PBXBuildFile; fileRef = F500AEE826C3957500A26557 /* bwHelper.app */; settings = {ATTRIBUTES = (RemoveHeadersOnCopy, ); }; };
/* End PBXBuildFile section */

/* Begin PBXCopyFilesBuildPhase section */
		F50FD85926C67DDF00AC20B1 /* Copy Files */ = {
			isa = PBXCopyFilesBuildPhase;
			buildActionMask = 2147483647;
			dstPath = Contents/Library/LoginItems;
			dstSubfolderSpec = 1;
			files = (
				F50FD85A26C67E0200AC20B1 /* bwHelper.app in Copy Files */,
			);
			name = "Copy Files";
			runOnlyForDeploymentPostprocessing = 0;
		};
/* End PBXCopyFilesBuildPhase section */

/* Begin PBXFileReference section */
		251729C31EBC6C6700A34335 /* Base */ = {isa = PBXFileReference; lastKnownFileType = text.plist.strings; name = Base; path = Base.lproj/Menu.strings; sourceTree = "<group>"; };
		251729C51EBC6C6800A34335 /* en */ = {isa = PBXFileReference; lastKnownFileType = text.plist.strings; name = en; path = en.lproj/Menu.strings; sourceTree = "<group>"; };
		251729C71EBC6E6000A34335 /* Localized.swift */ = {isa = PBXFileReference; fileEncoding = 4; lastKnownFileType = sourcecode.swift; path = Localized.swift; sourceTree = "<group>"; };
		254B615D1E8FB12C00E28C97 /* Bing Wallpaper.app */ = {isa = PBXFileReference; explicitFileType = wrapper.application; includeInIndex = 0; path = "Bing Wallpaper.app"; sourceTree = BUILT_PRODUCTS_DIR; };
		254B61601E8FB12C00E28C97 /* AppDelegate.swift */ = {isa = PBXFileReference; lastKnownFileType = sourcecode.swift; path = AppDelegate.swift; sourceTree = "<group>"; };
		254B61641E8FB12C00E28C97 /* Assets.xcassets */ = {isa = PBXFileReference; lastKnownFileType = folder.assetcatalog; path = Assets.xcassets; sourceTree = "<group>"; };
		254B61691E8FB12C00E28C97 /* Info.plist */ = {isa = PBXFileReference; lastKnownFileType = text.plist.xml; path = Info.plist; sourceTree = "<group>"; };
		257A634E1EBC66BB00A8D97A /* Cache.swift */ = {isa = PBXFileReference; fileEncoding = 4; lastKnownFileType = sourcecode.swift; path = Cache.swift; sourceTree = "<group>"; };
		257A63501EBC66CC00A8D97A /* Image.swift */ = {isa = PBXFileReference; fileEncoding = 4; lastKnownFileType = sourcecode.swift; path = Image.swift; sourceTree = "<group>"; };
		257A63521EBC66FF00A8D97A /* Bing.swift */ = {isa = PBXFileReference; fileEncoding = 4; lastKnownFileType = sourcecode.swift; path = Bing.swift; sourceTree = "<group>"; };
		257A63531EBC66FF00A8D97A /* Refresh.swift */ = {isa = PBXFileReference; fileEncoding = 4; lastKnownFileType = sourcecode.swift; path = Refresh.swift; sourceTree = "<group>"; };
		257A63541EBC66FF00A8D97A /* Sqlite.swift */ = {isa = PBXFileReference; fileEncoding = 4; lastKnownFileType = sourcecode.swift; path = Sqlite.swift; sourceTree = "<group>"; };
		257A63551EBC66FF00A8D97A /* System.swift */ = {isa = PBXFileReference; fileEncoding = 4; lastKnownFileType = sourcecode.swift; path = System.swift; sourceTree = "<group>"; };
		257A63561EBC66FF00A8D97A /* Wallpaper.swift */ = {isa = PBXFileReference; fileEncoding = 4; lastKnownFileType = sourcecode.swift; path = Wallpaper.swift; sourceTree = "<group>"; };
		257A635E1EBC672C00A8D97A /* StatusBarMenu.swift */ = {isa = PBXFileReference; fileEncoding = 4; lastKnownFileType = sourcecode.swift; path = StatusBarMenu.swift; sourceTree = "<group>"; };
		257A63621EBC673800A8D97A /* main.swift */ = {isa = PBXFileReference; fileEncoding = 4; lastKnownFileType = sourcecode.swift; path = main.swift; sourceTree = "<group>"; };
		25EF61771E9E2B820019E838 /* Base */ = {isa = PBXFileReference; lastKnownFileType = text.plist.strings; name = Base; path = Base.lproj/InfoPlist.strings; sourceTree = "<group>"; };
		25EF617A1E9E2B930019E838 /* en */ = {isa = PBXFileReference; lastKnownFileType = text.plist.strings; name = en; path = en.lproj/InfoPlist.strings; sourceTree = "<group>"; };
		25F455311E9CD3B500820D7C /* Consts.swift */ = {isa = PBXFileReference; fileEncoding = 4; lastKnownFileType = sourcecode.swift; path = Consts.swift; sourceTree = "<group>"; };
		25F4553A1E9E02C000820D7C /* Enums.swift */ = {isa = PBXFileReference; fileEncoding = 4; lastKnownFileType = sourcecode.swift; path = Enums.swift; sourceTree = "<group>"; };
		7A70B4FB182429B97C62EED3 /* Pods_bw.framework */ = {isa = PBXFileReference; explicitFileType = wrapper.framework; includeInIndex = 0; path = Pods_bw.framework; sourceTree = BUILT_PRODUCTS_DIR; };
		C7BEFAE425FF2DEA00238166 /* WallpaperDetail.swift */ = {isa = PBXFileReference; lastKnownFileType = sourcecode.swift; path = WallpaperDetail.swift; sourceTree = "<group>"; };
		E879405EB76F51F74A2A9E2C /* Pods-bw.debug.xcconfig */ = {isa = PBXFileReference; includeInIndex = 1; lastKnownFileType = text.xcconfig; name = "Pods-bw.debug.xcconfig"; path = "Pods/Target Support Files/Pods-bw/Pods-bw.debug.xcconfig"; sourceTree = "<group>"; };
		F500AEE826C3957500A26557 /* bwHelper.app */ = {isa = PBXFileReference; explicitFileType = wrapper.application; includeInIndex = 0; path = bwHelper.app; sourceTree = BUILT_PRODUCTS_DIR; };
		F500AEEA26C3957500A26557 /* AutoLauncher.swift */ = {isa = PBXFileReference; lastKnownFileType = sourcecode.swift; path = AutoLauncher.swift; sourceTree = "<group>"; };
		F500AEF326C3957800A26557 /* Info.plist */ = {isa = PBXFileReference; lastKnownFileType = text.plist.xml; path = Info.plist; sourceTree = "<group>"; };
		F500AEF426C3957800A26557 /* bwHelper.entitlements */ = {isa = PBXFileReference; lastKnownFileType = text.plist.entitlements; path = bwHelper.entitlements; sourceTree = "<group>"; };
		F50FD85726C67D8000AC20B1 /* main.swift */ = {isa = PBXFileReference; lastKnownFileType = sourcecode.swift; path = main.swift; sourceTree = "<group>"; };
		FC62C0A764C6750CCA992B9E /* Pods-bw.release.xcconfig */ = {isa = PBXFileReference; includeInIndex = 1; lastKnownFileType = text.xcconfig; name = "Pods-bw.release.xcconfig"; path = "Pods/Target Support Files/Pods-bw/Pods-bw.release.xcconfig"; sourceTree = "<group>"; };
/* End PBXFileReference section */

/* Begin PBXFrameworksBuildPhase section */
		254B615A1E8FB12C00E28C97 /* Frameworks */ = {
			isa = PBXFrameworksBuildPhase;
			buildActionMask = 2147483647;
			files = (
				1FF2F5698DDB7554D6D52352 /* Pods_bw.framework in Frameworks */,
			);
			runOnlyForDeploymentPostprocessing = 0;
		};
		F500AEE526C3957500A26557 /* Frameworks */ = {
			isa = PBXFrameworksBuildPhase;
			buildActionMask = 2147483647;
			files = (
			);
			runOnlyForDeploymentPostprocessing = 0;
		};
/* End PBXFrameworksBuildPhase section */

/* Begin PBXGroup section */
		254B61541E8FB12C00E28C97 = {
			isa = PBXGroup;
			children = (
				254B615F1E8FB12C00E28C97 /* bw */,
				F500AEE926C3957500A26557 /* bwHelper */,
				254B615E1E8FB12C00E28C97 /* Products */,
				D26C16EC2C6B80467FADDF39 /* Pods */,
				A6FA994BABA1888310CE08D8 /* Frameworks */,
			);
			sourceTree = "<group>";
		};
		254B615E1E8FB12C00E28C97 /* Products */ = {
			isa = PBXGroup;
			children = (
				254B615D1E8FB12C00E28C97 /* Bing Wallpaper.app */,
				F500AEE826C3957500A26557 /* bwHelper.app */,
			);
			name = Products;
			sourceTree = "<group>";
		};
		254B615F1E8FB12C00E28C97 /* bw */ = {
			isa = PBXGroup;
			children = (
				258771531EADF5C9005E9BD2 /* Storage */,
				25F455331E9CD7AB00820D7C /* Tools */,
				25F455301E9CD3A500820D7C /* Headers */,
				254B618E1E8FB22500E28C97 /* Views */,
				254B618D1E8FB22000E28C97 /* Menus */,
				254B61601E8FB12C00E28C97 /* AppDelegate.swift */,
				254B61641E8FB12C00E28C97 /* Assets.xcassets */,
				254B61691E8FB12C00E28C97 /* Info.plist */,
				257A63621EBC673800A8D97A /* main.swift */,
				251729C41EBC6C6700A34335 /* Menu.strings */,
				25EF61781E9E2B820019E838 /* InfoPlist.strings */,
			);
			path = bw;
			sourceTree = "<group>";
		};
		254B618D1E8FB22000E28C97 /* Menus */ = {
			isa = PBXGroup;
			children = (
				257A635E1EBC672C00A8D97A /* StatusBarMenu.swift */,
			);
			name = Menus;
			sourceTree = "<group>";
		};
		254B618E1E8FB22500E28C97 /* Views */ = {
			isa = PBXGroup;
			children = (
				C7BEFAE425FF2DEA00238166 /* WallpaperDetail.swift */,
			);
			name = Views;
			sourceTree = "<group>";
		};
		258771531EADF5C9005E9BD2 /* Storage */ = {
			isa = PBXGroup;
			children = (
				257A634E1EBC66BB00A8D97A /* Cache.swift */,
				257A63501EBC66CC00A8D97A /* Image.swift */,
			);
			name = Storage;
			sourceTree = "<group>";
		};
		25F455301E9CD3A500820D7C /* Headers */ = {
			isa = PBXGroup;
			children = (
				25F455311E9CD3B500820D7C /* Consts.swift */,
				25F4553A1E9E02C000820D7C /* Enums.swift */,
			);
			name = Headers;
			sourceTree = "<group>";
		};
		25F455331E9CD7AB00820D7C /* Tools */ = {
			isa = PBXGroup;
			children = (
				257A63521EBC66FF00A8D97A /* Bing.swift */,
				257A63531EBC66FF00A8D97A /* Refresh.swift */,
				257A63541EBC66FF00A8D97A /* Sqlite.swift */,
				257A63551EBC66FF00A8D97A /* System.swift */,
				257A63561EBC66FF00A8D97A /* Wallpaper.swift */,
				251729C71EBC6E6000A34335 /* Localized.swift */,
			);
			name = Tools;
			sourceTree = "<group>";
		};
		A6FA994BABA1888310CE08D8 /* Frameworks */ = {
			isa = PBXGroup;
			children = (
				7A70B4FB182429B97C62EED3 /* Pods_bw.framework */,
			);
			name = Frameworks;
			sourceTree = "<group>";
		};
		D26C16EC2C6B80467FADDF39 /* Pods */ = {
			isa = PBXGroup;
			children = (
				E879405EB76F51F74A2A9E2C /* Pods-bw.debug.xcconfig */,
				FC62C0A764C6750CCA992B9E /* Pods-bw.release.xcconfig */,
			);
			name = Pods;
			sourceTree = "<group>";
		};
		F500AEE926C3957500A26557 /* bwHelper */ = {
			isa = PBXGroup;
			children = (
				F500AEEA26C3957500A26557 /* AutoLauncher.swift */,
				F500AEF326C3957800A26557 /* Info.plist */,
				F500AEF426C3957800A26557 /* bwHelper.entitlements */,
				F50FD85726C67D8000AC20B1 /* main.swift */,
			);
			path = bwHelper;
			sourceTree = "<group>";
		};
/* End PBXGroup section */

/* Begin PBXNativeTarget section */
		254B615C1E8FB12C00E28C97 /* bw */ = {
			isa = PBXNativeTarget;
			buildConfigurationList = 254B61821E8FB12C00E28C97 /* Build configuration list for PBXNativeTarget "bw" */;
			buildPhases = (
				68BD88C33C05F6B75D831C70 /* [CP] Check Pods Manifest.lock */,
				254B61591E8FB12C00E28C97 /* Sources */,
				254B615A1E8FB12C00E28C97 /* Frameworks */,
				254B615B1E8FB12C00E28C97 /* Resources */,
				3A55492FA3F3DDACE222D975 /* [CP] Embed Pods Frameworks */,
				F50FD85926C67DDF00AC20B1 /* Copy Files */,
			);
			buildRules = (
			);
			dependencies = (
			);
			name = bw;
			productName = bw;
			productReference = 254B615D1E8FB12C00E28C97 /* Bing Wallpaper.app */;
			productType = "com.apple.product-type.application";
		};
		F500AEE726C3957500A26557 /* bwHelper */ = {
			isa = PBXNativeTarget;
			buildConfigurationList = F500AEF726C3957800A26557 /* Build configuration list for PBXNativeTarget "bwHelper" */;
			buildPhases = (
				F500AEE426C3957500A26557 /* Sources */,
				F500AEE526C3957500A26557 /* Frameworks */,
				F500AEE626C3957500A26557 /* Resources */,
			);
			buildRules = (
			);
			dependencies = (
			);
			name = bwHelper;
			productName = bwHelper;
			productReference = F500AEE826C3957500A26557 /* bwHelper.app */;
			productType = "com.apple.product-type.application";
		};
/* End PBXNativeTarget section */

/* Begin PBXProject section */
		254B61551E8FB12C00E28C97 /* Project object */ = {
			isa = PBXProject;
			attributes = {
				LastSwiftUpdateCheck = 1250;
				LastUpgradeCheck = 1250;
				ORGANIZATIONNAME = duo;
				TargetAttributes = {
					254B615C1E8FB12C00E28C97 = {
						CreatedOnToolsVersion = 8.3;
						DevelopmentTeam = BM4Q5C982L;
						ProvisioningStyle = Automatic;
					};
					F500AEE726C3957500A26557 = {
						CreatedOnToolsVersion = 12.5.1;
						DevelopmentTeam = BM4Q5C982L;
						ProvisioningStyle = Automatic;
					};
				};
			};
			buildConfigurationList = 254B61581E8FB12C00E28C97 /* Build configuration list for PBXProject "bw" */;
			compatibilityVersion = "Xcode 3.2";
			developmentRegion = en;
			hasScannedForEncodings = 0;
			knownRegions = (
				en,
				Base,
				"zh-Hans",
			);
			mainGroup = 254B61541E8FB12C00E28C97;
			productRefGroup = 254B615E1E8FB12C00E28C97 /* Products */;
			projectDirPath = "";
			projectRoot = "";
			targets = (
				254B615C1E8FB12C00E28C97 /* bw */,
				F500AEE726C3957500A26557 /* bwHelper */,
			);
		};
/* End PBXProject section */

/* Begin PBXResourcesBuildPhase section */
		254B615B1E8FB12C00E28C97 /* Resources */ = {
			isa = PBXResourcesBuildPhase;
			buildActionMask = 2147483647;
			files = (
				254B61651E8FB12C00E28C97 /* Assets.xcassets in Resources */,
				251729C21EBC6C6700A34335 /* Menu.strings in Resources */,
				25EF61761E9E2B820019E838 /* InfoPlist.strings in Resources */,
			);
			runOnlyForDeploymentPostprocessing = 0;
		};
		F500AEE626C3957500A26557 /* Resources */ = {
			isa = PBXResourcesBuildPhase;
			buildActionMask = 2147483647;
			files = (
			);
			runOnlyForDeploymentPostprocessing = 0;
		};
/* End PBXResourcesBuildPhase section */

/* Begin PBXShellScriptBuildPhase section */
		3A55492FA3F3DDACE222D975 /* [CP] Embed Pods Frameworks */ = {
			isa = PBXShellScriptBuildPhase;
			buildActionMask = 2147483647;
			files = (
			);
			inputPaths = (
				"${PODS_ROOT}/Target Support Files/Pods-bw/Pods-bw-frameworks.sh",
				"${BUILT_PRODUCTS_DIR}/Alamofire/Alamofire.framework",
				"${BUILT_PRODUCTS_DIR}/GRDB.swift/GRDB.framework",
				"${BUILT_PRODUCTS_DIR}/PromiseKit/PromiseKit.framework",
			);
			name = "[CP] Embed Pods Frameworks";
			outputPaths = (
				"${TARGET_BUILD_DIR}/${FRAMEWORKS_FOLDER_PATH}/Alamofire.framework",
				"${TARGET_BUILD_DIR}/${FRAMEWORKS_FOLDER_PATH}/GRDB.framework",
				"${TARGET_BUILD_DIR}/${FRAMEWORKS_FOLDER_PATH}/PromiseKit.framework",
			);
			runOnlyForDeploymentPostprocessing = 0;
			shellPath = /bin/sh;
			shellScript = "\"${PODS_ROOT}/Target Support Files/Pods-bw/Pods-bw-frameworks.sh\"\n";
			showEnvVarsInLog = 0;
		};
		68BD88C33C05F6B75D831C70 /* [CP] Check Pods Manifest.lock */ = {
			isa = PBXShellScriptBuildPhase;
			buildActionMask = 2147483647;
			files = (
			);
			inputPaths = (
				"${PODS_PODFILE_DIR_PATH}/Podfile.lock",
				"${PODS_ROOT}/Manifest.lock",
			);
			name = "[CP] Check Pods Manifest.lock";
			outputPaths = (
				"$(DERIVED_FILE_DIR)/Pods-bw-checkManifestLockResult.txt",
			);
			runOnlyForDeploymentPostprocessing = 0;
			shellPath = /bin/sh;
			shellScript = "diff \"${PODS_PODFILE_DIR_PATH}/Podfile.lock\" \"${PODS_ROOT}/Manifest.lock\" > /dev/null\nif [ $? != 0 ] ; then\n    # print error to STDERR\n    echo \"error: The sandbox is not in sync with the Podfile.lock. Run 'pod install' or update your CocoaPods installation.\" >&2\n    exit 1\nfi\n# This output is used by Xcode 'outputs' to avoid re-running this script phase.\necho \"SUCCESS\" > \"${SCRIPT_OUTPUT_FILE_0}\"\n";
			showEnvVarsInLog = 0;
		};
/* End PBXShellScriptBuildPhase section */

/* Begin PBXSourcesBuildPhase section */
		254B61591E8FB12C00E28C97 /* Sources */ = {
			isa = PBXSourcesBuildPhase;
			buildActionMask = 2147483647;
			files = (
				257A634F1EBC66BB00A8D97A /* Cache.swift in Sources */,
				25F455321E9CD3B500820D7C /* Consts.swift in Sources */,
				257A63581EBC66FF00A8D97A /* Refresh.swift in Sources */,
				251729C81EBC6E6000A34335 /* Localized.swift in Sources */,
				257A63511EBC66CC00A8D97A /* Image.swift in Sources */,
				257A63571EBC66FF00A8D97A /* Bing.swift in Sources */,
				257A63591EBC66FF00A8D97A /* Sqlite.swift in Sources */,
				257A635A1EBC66FF00A8D97A /* System.swift in Sources */,
				257A63631EBC673800A8D97A /* main.swift in Sources */,
				C7BEFAE525FF2DEA00238166 /* WallpaperDetail.swift in Sources */,
				257A63611EBC672C00A8D97A /* StatusBarMenu.swift in Sources */,
				254B61611E8FB12C00E28C97 /* AppDelegate.swift in Sources */,
				25F4553B1E9E02C000820D7C /* Enums.swift in Sources */,
				257A635B1EBC66FF00A8D97A /* Wallpaper.swift in Sources */,
			);
			runOnlyForDeploymentPostprocessing = 0;
		};
		F500AEE426C3957500A26557 /* Sources */ = {
			isa = PBXSourcesBuildPhase;
			buildActionMask = 2147483647;
			files = (
				F50FD85826C67D8000AC20B1 /* main.swift in Sources */,
				F500AEEB26C3957500A26557 /* AutoLauncher.swift in Sources */,
			);
			runOnlyForDeploymentPostprocessing = 0;
		};
/* End PBXSourcesBuildPhase section */

/* Begin PBXVariantGroup section */
		251729C41EBC6C6700A34335 /* Menu.strings */ = {
			isa = PBXVariantGroup;
			children = (
				251729C31EBC6C6700A34335 /* Base */,
				251729C51EBC6C6800A34335 /* en */,
			);
			name = Menu.strings;
			sourceTree = "<group>";
		};
		25EF61781E9E2B820019E838 /* InfoPlist.strings */ = {
			isa = PBXVariantGroup;
			children = (
				25EF61771E9E2B820019E838 /* Base */,
				25EF617A1E9E2B930019E838 /* en */,
			);
			name = InfoPlist.strings;
			sourceTree = "<group>";
		};
/* End PBXVariantGroup section */

/* Begin XCBuildConfiguration section */
		254B61801E8FB12C00E28C97 /* Debug */ = {
			isa = XCBuildConfiguration;
			buildSettings = {
				ALWAYS_SEARCH_USER_PATHS = NO;
				CLANG_ANALYZER_LOCALIZABILITY_NONLOCALIZED = YES;
				CLANG_ANALYZER_NONNULL = YES;
				CLANG_ANALYZER_NUMBER_OBJECT_CONVERSION = YES_AGGRESSIVE;
				CLANG_CXX_LANGUAGE_STANDARD = "gnu++0x";
				CLANG_CXX_LIBRARY = "libc++";
				CLANG_ENABLE_MODULES = YES;
				CLANG_ENABLE_OBJC_ARC = YES;
				CLANG_WARN_BLOCK_CAPTURE_AUTORELEASING = YES;
				CLANG_WARN_BOOL_CONVERSION = YES;
				CLANG_WARN_COMMA = YES;
				CLANG_WARN_CONSTANT_CONVERSION = YES;
				CLANG_WARN_DEPRECATED_OBJC_IMPLEMENTATIONS = YES;
				CLANG_WARN_DIRECT_OBJC_ISA_USAGE = YES_ERROR;
				CLANG_WARN_DOCUMENTATION_COMMENTS = YES;
				CLANG_WARN_EMPTY_BODY = YES;
				CLANG_WARN_ENUM_CONVERSION = YES;
				CLANG_WARN_INFINITE_RECURSION = YES;
				CLANG_WARN_INT_CONVERSION = YES;
				CLANG_WARN_NON_LITERAL_NULL_CONVERSION = YES;
				CLANG_WARN_OBJC_IMPLICIT_RETAIN_SELF = YES;
				CLANG_WARN_OBJC_LITERAL_CONVERSION = YES;
				CLANG_WARN_OBJC_ROOT_CLASS = YES_ERROR;
				CLANG_WARN_QUOTED_INCLUDE_IN_FRAMEWORK_HEADER = YES;
				CLANG_WARN_RANGE_LOOP_ANALYSIS = YES;
				CLANG_WARN_STRICT_PROTOTYPES = YES;
				CLANG_WARN_SUSPICIOUS_MOVE = YES;
				CLANG_WARN_UNREACHABLE_CODE = YES;
				CLANG_WARN__DUPLICATE_METHOD_MATCH = YES;
				CODE_SIGN_IDENTITY = "-";
				COPY_PHASE_STRIP = NO;
				DEBUG_INFORMATION_FORMAT = dwarf;
				ENABLE_STRICT_OBJC_MSGSEND = YES;
				ENABLE_TESTABILITY = YES;
				GCC_C_LANGUAGE_STANDARD = gnu99;
				GCC_DYNAMIC_NO_PIC = NO;
				GCC_NO_COMMON_BLOCKS = YES;
				GCC_OPTIMIZATION_LEVEL = 0;
				GCC_PREPROCESSOR_DEFINITIONS = (
					"DEBUG=1",
					"$(inherited)",
				);
				GCC_WARN_64_TO_32_BIT_CONVERSION = YES;
				GCC_WARN_ABOUT_RETURN_TYPE = YES_ERROR;
				GCC_WARN_UNDECLARED_SELECTOR = YES;
				GCC_WARN_UNINITIALIZED_AUTOS = YES_AGGRESSIVE;
				GCC_WARN_UNUSED_FUNCTION = YES;
				GCC_WARN_UNUSED_VARIABLE = YES;
				MACOSX_DEPLOYMENT_TARGET = 10.12;
				MTL_ENABLE_DEBUG_INFO = YES;
				ONLY_ACTIVE_ARCH = YES;
				SDKROOT = macosx;
				SWIFT_ACTIVE_COMPILATION_CONDITIONS = DEBUG;
				SWIFT_OPTIMIZATION_LEVEL = "-Onone";
			};
			name = Debug;
		};
		254B61811E8FB12C00E28C97 /* Release */ = {
			isa = XCBuildConfiguration;
			buildSettings = {
				ALWAYS_SEARCH_USER_PATHS = NO;
				CLANG_ANALYZER_LOCALIZABILITY_NONLOCALIZED = YES;
				CLANG_ANALYZER_NONNULL = YES;
				CLANG_ANALYZER_NUMBER_OBJECT_CONVERSION = YES_AGGRESSIVE;
				CLANG_CXX_LANGUAGE_STANDARD = "gnu++0x";
				CLANG_CXX_LIBRARY = "libc++";
				CLANG_ENABLE_MODULES = YES;
				CLANG_ENABLE_OBJC_ARC = YES;
				CLANG_WARN_BLOCK_CAPTURE_AUTORELEASING = YES;
				CLANG_WARN_BOOL_CONVERSION = YES;
				CLANG_WARN_COMMA = YES;
				CLANG_WARN_CONSTANT_CONVERSION = YES;
				CLANG_WARN_DEPRECATED_OBJC_IMPLEMENTATIONS = YES;
				CLANG_WARN_DIRECT_OBJC_ISA_USAGE = YES_ERROR;
				CLANG_WARN_DOCUMENTATION_COMMENTS = YES;
				CLANG_WARN_EMPTY_BODY = YES;
				CLANG_WARN_ENUM_CONVERSION = YES;
				CLANG_WARN_INFINITE_RECURSION = YES;
				CLANG_WARN_INT_CONVERSION = YES;
				CLANG_WARN_NON_LITERAL_NULL_CONVERSION = YES;
				CLANG_WARN_OBJC_IMPLICIT_RETAIN_SELF = YES;
				CLANG_WARN_OBJC_LITERAL_CONVERSION = YES;
				CLANG_WARN_OBJC_ROOT_CLASS = YES_ERROR;
				CLANG_WARN_QUOTED_INCLUDE_IN_FRAMEWORK_HEADER = YES;
				CLANG_WARN_RANGE_LOOP_ANALYSIS = YES;
				CLANG_WARN_STRICT_PROTOTYPES = YES;
				CLANG_WARN_SUSPICIOUS_MOVE = YES;
				CLANG_WARN_UNREACHABLE_CODE = YES;
				CLANG_WARN__DUPLICATE_METHOD_MATCH = YES;
				CODE_SIGN_IDENTITY = "-";
				COPY_PHASE_STRIP = NO;
				DEBUG_INFORMATION_FORMAT = "dwarf-with-dsym";
				ENABLE_NS_ASSERTIONS = NO;
				ENABLE_STRICT_OBJC_MSGSEND = YES;
				GCC_C_LANGUAGE_STANDARD = gnu99;
				GCC_NO_COMMON_BLOCKS = YES;
				GCC_WARN_64_TO_32_BIT_CONVERSION = YES;
				GCC_WARN_ABOUT_RETURN_TYPE = YES_ERROR;
				GCC_WARN_UNDECLARED_SELECTOR = YES;
				GCC_WARN_UNINITIALIZED_AUTOS = YES_AGGRESSIVE;
				GCC_WARN_UNUSED_FUNCTION = YES;
				GCC_WARN_UNUSED_VARIABLE = YES;
				MACOSX_DEPLOYMENT_TARGET = 10.12;
				MTL_ENABLE_DEBUG_INFO = NO;
				SDKROOT = macosx;
				SWIFT_OPTIMIZATION_LEVEL = "-Owholemodule";
			};
			name = Release;
		};
		254B61831E8FB12C00E28C97 /* Debug */ = {
			isa = XCBuildConfiguration;
			baseConfigurationReference = E879405EB76F51F74A2A9E2C /* Pods-bw.debug.xcconfig */;
			buildSettings = {
				ASSETCATALOG_COMPILER_APPICON_NAME = AppIcon;
				CODE_SIGN_IDENTITY = "-";
				COMBINE_HIDPI_IMAGES = YES;
				CURRENT_PROJECT_VERSION = 25;
				DEVELOPMENT_TEAM = BM4Q5C982L;
				INFOPLIST_FILE = bw/Info.plist;
				LD_RUNPATH_SEARCH_PATHS = "$(inherited) @executable_path/../Frameworks";
				MACOSX_DEPLOYMENT_TARGET = 10.15;
				MARKETING_VERSION = 2.1.3;
				PRODUCT_BUNDLE_IDENTIFIER = com.duo.bw;
				PRODUCT_NAME = "Bing Wallpaper";
				SWIFT_VERSION = 5.0;
			};
			name = Debug;
		};
		254B61841E8FB12C00E28C97 /* Release */ = {
			isa = XCBuildConfiguration;
			baseConfigurationReference = FC62C0A764C6750CCA992B9E /* Pods-bw.release.xcconfig */;
			buildSettings = {
				ASSETCATALOG_COMPILER_APPICON_NAME = AppIcon;
				CODE_SIGN_IDENTITY = "-";
				COMBINE_HIDPI_IMAGES = YES;
				CURRENT_PROJECT_VERSION = 25;
				DEVELOPMENT_TEAM = BM4Q5C982L;
				INFOPLIST_FILE = bw/Info.plist;
				LD_RUNPATH_SEARCH_PATHS = "$(inherited) @executable_path/../Frameworks";
				MACOSX_DEPLOYMENT_TARGET = 10.15;
				MARKETING_VERSION = 2.1.3;
				PRODUCT_BUNDLE_IDENTIFIER = com.duo.bw;
				PRODUCT_NAME = "Bing Wallpaper";
				SWIFT_VERSION = 5.0;
			};
			name = Release;
		};
		F500AEF526C3957800A26557 /* Debug */ = {
			isa = XCBuildConfiguration;
			buildSettings = {
				ASSETCATALOG_COMPILER_APPICON_NAME = AppIcon;
				ASSETCATALOG_COMPILER_GLOBAL_ACCENT_COLOR_NAME = AccentColor;
				CLANG_CXX_LANGUAGE_STANDARD = "gnu++14";
				CLANG_ENABLE_OBJC_WEAK = YES;
				CLANG_WARN_UNGUARDED_AVAILABILITY = YES_AGGRESSIVE;
				CODE_SIGN_ENTITLEMENTS = bwHelper/bwHelper.entitlements;
				CODE_SIGN_IDENTITY = "-";
				CODE_SIGN_STYLE = Automatic;
				COMBINE_HIDPI_IMAGES = YES;
				DEVELOPMENT_TEAM = BM4Q5C982L;
				GCC_C_LANGUAGE_STANDARD = gnu11;
				INFOPLIST_FILE = bwHelper/Info.plist;
				LD_RUNPATH_SEARCH_PATHS = "$(inherited) @executable_path/../Frameworks";
				MACOSX_DEPLOYMENT_TARGET = 10.15;
				MARKETING_VERSION = 1.1;
				MTL_ENABLE_DEBUG_INFO = INCLUDE_SOURCE;
				MTL_FAST_MATH = YES;
				PRODUCT_BUNDLE_IDENTIFIER = com.duo.bwHelper;
				PRODUCT_NAME = "$(TARGET_NAME)";
				SKIP_INSTALL = YES;
				SWIFT_VERSION = 5.0;
			};
			name = Debug;
		};
		F500AEF626C3957800A26557 /* Release */ = {
			isa = XCBuildConfiguration;
			buildSettings = {
				ASSETCATALOG_COMPILER_APPICON_NAME = AppIcon;
				ASSETCATALOG_COMPILER_GLOBAL_ACCENT_COLOR_NAME = AccentColor;
				CLANG_CXX_LANGUAGE_STANDARD = "gnu++14";
				CLANG_ENABLE_OBJC_WEAK = YES;
				CLANG_WARN_UNGUARDED_AVAILABILITY = YES_AGGRESSIVE;
				CODE_SIGN_ENTITLEMENTS = bwHelper/bwHelper.entitlements;
				CODE_SIGN_IDENTITY = "-";
				CODE_SIGN_STYLE = Automatic;
				COMBINE_HIDPI_IMAGES = YES;
				DEVELOPMENT_TEAM = BM4Q5C982L;
				GCC_C_LANGUAGE_STANDARD = gnu11;
				INFOPLIST_FILE = bwHelper/Info.plist;
				LD_RUNPATH_SEARCH_PATHS = "$(inherited) @executable_path/../Frameworks";
				MACOSX_DEPLOYMENT_TARGET = 10.15;
				MARKETING_VERSION = 1.1;
				MTL_FAST_MATH = YES;
				PRODUCT_BUNDLE_IDENTIFIER = com.duo.bwHelper;
				PRODUCT_NAME = "$(TARGET_NAME)";
				SKIP_INSTALL = YES;
				SWIFT_VERSION = 5.0;
			};
			name = Release;
		};
/* End XCBuildConfiguration section */

/* Begin XCConfigurationList section */
		254B61581E8FB12C00E28C97 /* Build configuration list for PBXProject "bw" */ = {
			isa = XCConfigurationList;
			buildConfigurations = (
				254B61801E8FB12C00E28C97 /* Debug */,
				254B61811E8FB12C00E28C97 /* Release */,
			);
			defaultConfigurationIsVisible = 0;
			defaultConfigurationName = Release;
		};
		254B61821E8FB12C00E28C97 /* Build configuration list for PBXNativeTarget "bw" */ = {
			isa = XCConfigurationList;
			buildConfigurations = (
				254B61831E8FB12C00E28C97 /* Debug */,
				254B61841E8FB12C00E28C97 /* Release */,
			);
			defaultConfigurationIsVisible = 0;
			defaultConfigurationName = Release;
		};
		F500AEF726C3957800A26557 /* Build configuration list for PBXNativeTarget "bwHelper" */ = {
			isa = XCConfigurationList;
			buildConfigurations = (
				F500AEF526C3957800A26557 /* Debug */,
				F500AEF626C3957800A26557 /* Release */,
			);
			defaultConfigurationIsVisible = 0;
			defaultConfigurationName = Release;
		};
/* End XCConfigurationList section */
	};
	rootObject = 254B61551E8FB12C00E28C97 /* Project object */;
}
